# This file is machine-generated by `gh actions-lock`.
# Do not edit by hand; run `gh actions-lock` to update.
# Docs: https://gh.io/actions-lockfile
version: 'v0.0.2'
workflows:
    '.github/workflows/happy-path.yml':
        - 'actions/checkout@v4.3.1'
        - 'nodeselector/actions-test-fixtures@updated'
    '.github/workflows/imposter-commit.yml':
        - 'actions/checkout@v4.3.1'
    '.github/workflows/reusable-build.yml':
        - 'actions/checkout@v4.3.1'
        - 'nodeselector/actions-test-fixtures@main'
dependencies:
    'actions/checkout@v4.3.1':
        ref: 'v4.3.1'
        commit: 'sha1-34e114876b0b11c390a56381ad16ebd13914f8d5'
        owner_id: 44036562
        repo_id: 197814629
    'nodeselector/actions-test-fixtures-b@main':
        ref: 'main'
        commit: 'sha1-92b7b0058bc223c6e9dd4e19ef9247c934ba7637'
        owner_id: 29457092
        repo_id: 1205442499
    'nodeselector/actions-test-fixtures@main':
        ref: 'main'
        commit: 'sha1-da3230bd4d74392a7135b82d07612eb53b261461'
        owner_id: 29457092
        repo_id: 1203329948
        uses:
            - 'nodeselector/actions-test-fixtures-b@main'
    'nodeselector/actions-test-fixtures@updated':
        ref: 'updated'
        commit: 'sha1-ea53476fdc172d8552df5af9658a45a367e4f41d'
        owner_id: 29457092
        repo_id: 1203329948
        uses:
            - 'nodeselector/actions-test-fixtures@main'
