# This file is machine-generated by `gh actions-pin`.
# Do not edit by hand; run `gh actions-pin` to update.
# Docs: https://gh.io/actions-lockfile
version: v0.0.1
actions:
    actions/cache@v4.1.2:sha1-3b04ffc35ddc4560076018d04512c97ce4f08ee7:
        tag: v4.1.2
        branch: releases/v4
        commit: sha1-3b04ffc35ddc4560076018d04512c97ce4f08ee7
        owner_id: 6558852
        repo_id: 537491527
    actions/checkout@v4.3.1:sha1-29b2faa0e2191123819ba12727e0ff9852c1ae17:
        tag: v4.3.1
        branch: releases/v4
        commit: sha1-29b2faa0e2191123819ba12727e0ff9852c1ae17
        owner_id: 6558852
        repo_id: 610457791
    actions/setup-node@v5.0.0:sha1-5e984a73795703af9d320eb9c7f5da555f330498:
        tag: v5.0.0
        branch: releases/v5
        commit: sha1-5e984a73795703af9d320eb9c7f5da555f330498
        owner_id: 6558852
        repo_id: 371874654
