# This file is machine-generated by `gh actions-pin`.
# Do not edit by hand; run `gh actions-pin` to update.
# Docs: https://gh.io/actions-lockfile
version: v0.0.1
actions:
    actions/cache@v4.1.2:sha1-3b04ffc35ddc4560076018d04512c97ce4f08ee7:
        tag: v4.1.2
        branch: releases/v4
        commit: sha1-3b04ffc35ddc4560076018d04512c97ce4f08ee7
        owner_id: 6558852
        repo_id: 537491527
    actions/checkout@v5.0.0:sha1-ff755890cf45f97dcc30aea6a14a7ba5ea6ccd2f:
        tag: v5.0.0
        branch: releases/v5
        commit: sha1-ff755890cf45f97dcc30aea6a14a7ba5ea6ccd2f
        owner_id: 6558852
        repo_id: 610457791
    actions/setup-node@v4.1.0:sha1-d0203bc0ca29d54b8d6c552dcd762e614f2c7e52:
        tag: v4.1.0
        branch: releases/v4
        commit: sha1-d0203bc0ca29d54b8d6c552dcd762e614f2c7e52
        owner_id: 6558852
        repo_id: 371874654
