# This file is machine-generated by `gh actions-pin`.
# Do not edit by hand; run `gh actions-pin` to update.
# Docs: https://gh.io/actions-lockfile
version: v0.0.1
actions:
    actions/checkout@v4.3.1:sha1-29b2faa0e2191123819ba12727e0ff9852c1ae17:
        tag: v4.3.1
        branch: releases/v4
        commit: sha1-29b2faa0e2191123819ba12727e0ff9852c1ae17
        owner_id: 6558852
        repo_id: 610457791
    docker/build-push-action@v6.9.0:sha1-9586437f25ae0dacbd3ae602b4a2a388d0d00866:
        tag: v6.9.0
        branch: releases/v6
        commit: sha1-9586437f25ae0dacbd3ae602b4a2a388d0d00866
        owner_id: 34787798
        repo_id: 892428406
    docker/login-action@v3.3.0:sha1-330c78c7a8c914323948dd43a70d9987a5384f10:
        tag: v3.3.0
        branch: releases/v3
        commit: sha1-330c78c7a8c914323948dd43a70d9987a5384f10
        owner_id: 34787798
        repo_id: 260536125
