# This file is machine-generated by `gh actions-pin`.
# Do not edit by hand; run `gh actions-pin` to update.
# Docs: https://gh.io/actions-lockfile
version: v0.0.1
actions:
    actions/checkout@v5.0.0:sha1-ff755890cf45f97dcc30aea6a14a7ba5ea6ccd2f:
        tag: v5.0.0
        branch: releases/v5
        commit: sha1-ff755890cf45f97dcc30aea6a14a7ba5ea6ccd2f
        owner_id: 6558852
        repo_id: 610457791
    actions/download-artifact@v4.1.8:sha1-f90e50f09b67f6f3165a09937dd24035c12ac61d:
        tag: v4.1.8
        branch: releases/v4
        commit: sha1-f90e50f09b67f6f3165a09937dd24035c12ac61d
        owner_id: 6558852
        repo_id: 739481388
    actions/setup-node@v5.0.0:sha1-5e984a73795703af9d320eb9c7f5da555f330498:
        tag: v5.0.0
        branch: releases/v5
        commit: sha1-5e984a73795703af9d320eb9c7f5da555f330498
        owner_id: 6558852
        repo_id: 371874654
