# This file is machine-generated by `gh actions-pin`.
# Do not edit by hand; run `gh actions-pin` to update.
# Docs: https://gh.io/actions-lockfile
version: v0.0.1
actions:
    actions/checkout@v4.3.1:sha1-bbbbbbbbbbbbbbbbbbbbbbbbbbbbbbbbbbbbbbbb:
        tag: v4.3.1
        branch: releases/v4
        commit: sha1-bbbbbbbbbbbbbbbbbbbbbbbbbbbbbbbbbbbbbbbb
        owner_id: 6558852
        repo_id: 610457791
    actions/github-script@v7.0.1:sha1-e04c949ade65762f5f12861c8b8a12121a5b74e7:
        tag: v7.0.1
        branch: releases/v7
        commit: sha1-e04c949ade65762f5f12861c8b8a12121a5b74e7
        owner_id: 6558852
        repo_id: 558604976
    actions/upload-artifact@v4.4.3:sha1-98f2c330eb306be659f61472ad3a677341f0718e:
        tag: v4.4.3
        branch: releases/v4
        commit: sha1-98f2c330eb306be659f61472ad3a677341f0718e
        owner_id: 6558852
        repo_id: 660833323
