# This file is machine-generated by `gh actions-pin`.
# Do not edit by hand; run `gh actions-pin` to update.
# Docs: https://gh.io/actions-lockfile
version: v0.0.1
actions:
    actions/checkout@v5.0.0:sha1-ff755890cf45f97dcc30aea6a14a7ba5ea6ccd2f:
        tag: v5.0.0
        branch: releases/v5
        commit: sha1-ff755890cf45f97dcc30aea6a14a7ba5ea6ccd2f
        owner_id: 6558852
        repo_id: 610457791
    ossf/scorecard-action@v2.4.0:sha1-2f0662f4b473e6b83e5a280005837e0709f7f84c:
        tag: v2.4.0
        branch: releases/v2
        commit: sha1-2f0662f4b473e6b83e5a280005837e0709f7f84c
        owner_id: 27406824
        repo_id: 61831470
