# This file is machine-generated by `gh actions-pin`.
# Do not edit by hand; run `gh actions-pin` to update.
# Docs: https://gh.io/actions-lockfile
version: v0.0.1
actions:
    actions/checkout@v4.3.1:sha1-29b2faa0e2191123819ba12727e0ff9852c1ae17:
        tag: v4.3.1
        branch: releases/v4
        commit: sha1-29b2faa0e2191123819ba12727e0ff9852c1ae17
        owner_id: 6558852
        repo_id: 610457791
    ossf/scorecard-action@v2.4.0:sha1-2f0662f4b473e6b83e5a280005837e0709f7f84c:
        tag: v2.4.0
        branch: releases/v2
        commit: sha1-2f0662f4b473e6b83e5a280005837e0709f7f84c
        owner_id: 27406824
        repo_id: 61831470
