# This file is machine-generated by `gh actions-pin`.
# Do not edit by hand; run `gh actions-pin` to update.
# Docs: https://gh.io/actions-lockfile
version: v0.0.1
actions:
    actions/cache@v4.1.2:sha1-3b04ffc35ddc4560076018d04512c97ce4f08ee7:
        tag: v4.1.2
        branch: releases/v4
        commit: sha1-3b04ffc35ddc4560076018d04512c97ce4f08ee7
        owner_id: 6558852
        repo_id: 537491527
    actions/checkout@v4.3.1:sha1-29b2faa0e2191123819ba12727e0ff9852c1ae17:
        tag: v4.3.1
        branch: releases/v4
        commit: sha1-29b2faa0e2191123819ba12727e0ff9852c1ae17
        owner_id: 6558852
        repo_id: 610457791
    actions/setup-python@v5.2.0:sha1-93c219f026825c2ddcdb9d3165584145f7b4b2c3:
        tag: v5.2.0
        branch: releases/v5
        commit: sha1-93c219f026825c2ddcdb9d3165584145f7b4b2c3
        owner_id: 6558852
        repo_id: 783602487
    codecov/codecov-action@v5.0.7:sha1-79f7f6c9bbf2d6f13813746cba2f9ba9cb51d03d:
        tag: v5.0.7
        branch: releases/v5
        commit: sha1-79f7f6c9bbf2d6f13813746cba2f9ba9cb51d03d
        owner_id: 96149781
        repo_id: 522582515
